
Microsoft Visual Studio Solution File, Format Version 12.00
# Visual Studio Version 16
VisualStudioVersion = 16.0.30011.22
MinimumVisualStudioVersion = 10.0.40219.1
Project("{FAE04EC0-301F-11D3-BF4B-00C04F79EFBC}") = "Restaurant", "Restaurant\Restaurant.csproj", "{AA784641-D6E5-4D9D-956F-84268FDE0400}"
EndProject
Global
	GlobalSection(SolutionConfigurationPlatforms) = preSolution
		Debug|Any CPU = Debug|Any CPU
		Release|Any CPU = Release|Any CPU
	EndGlobalSection
	GlobalSection(ProjectConfigurationPlatforms) = postSolution
		{AA784641-D6E5-4D9D-956F-84268FDE0400}.Debug|Any CPU.ActiveCfg = Debug|Any CPU
		{AA784641-D6E5-4D9D-956F-84268FDE0400}.Debug|Any CPU.Build.0 = Debug|Any CPU
		{AA784641-D6E5-4D9D-956F-84268FDE0400}.Release|Any CPU.ActiveCfg = Release|Any CPU
		{AA784641-D6E5-4D9D-956F-84268FDE0400}.Release|Any CPU.Build.0 = Release|Any CPU
	EndGlobalSection
	GlobalSection(SolutionProperties) = preSolution
		HideSolutionNode = FALSE
	EndGlobalSection
	GlobalSection(ExtensibilityGlobals) = postSolution
		SolutionGuid = {474A6C3C-8690-4E98-ACAE-34E2E0424897}
	EndGlobalSection
EndGlobal
